// !$*UTF8*$!
{
	archiveVersion = 1;
	classes = {
	};
	objectVersion = 54;
	objects = {

/* Begin PBXBuildFile section */
		0832234007DD7F8A35473822 /* OnboardingView.swift in Sources */ = {isa = PBXBuildFile; fileRef = 9C1DBE390B4F07C5671009B6 /* OnboardingView.swift */; };
		093ED2987B3220531801B862 /* HuggingFaceTokenView.swift in Sources */ = {isa = PBXBuildFile; fileRef = 0842EE8A6A915E984AACC58F /* HuggingFaceTokenView.swift */; };
		1270C8F14CE5D4E0661AD356 /* ModelDiscoveryManager.swift in Sources */ = {isa = PBXBuildFile; fileRef = 541E9C712C4F961D1A7380A9 /* ModelDiscoveryManager.swift */; };
		19788222C55CE81C49F4BBE9 /* AutonomousProblemSolver.swift in Sources */ = {isa = PBXBuildFile; fileRef = 94D62FB21F7CB9A1E3EB4A58 /* AutonomousProblemSolver.swift */; };
		2078F8730D84773E97F2B2DB /* Assets.xcassets in Resources */ = {isa = PBXBuildFile; fileRef = 626F5752D37936FC12B8A49C /* Assets.xcassets */; };
		24A901B3FBAE9FCDAC6B4349 /* PocketCloudUI in Frameworks */ = {isa = PBXBuildFile; productRef = 777B736E730B95184E96B5E4 /* PocketCloudUI */; };
		24FDE6A435BAC0F6A7A36020 /* EnhancedMLXFeatures.swift in Sources */ = {isa = PBXBuildFile; fileRef = A2EAA64707D542844B6A3C44 /* EnhancedMLXFeatures.swift */; };
		288E6363FD9F183A3D94688F /* DocumentDragDropZone.swift in Sources */ = {isa = PBXBuildFile; fileRef = BF2AFE1C2ECD9C3F180FD313 /* DocumentDragDropZone.swift */; };
		2A0A9FE1D5DD80BEAA58DC67 /* MacAppIcon.icns in Resources */ = {isa = PBXBuildFile; fileRef = 940FCFEB7301C6EC4774B0F3 /* MacAppIcon.icns */; };
		306AA32895A9F2F96660767D /* PocketCloudCommon in Frameworks */ = {isa = PBXBuildFile; productRef = 35EF815D3328BA9811119DFC /* PocketCloudCommon */; };
		3211A68187625925049B6B7E /* DiagnosticsOverlayView.swift in Sources */ = {isa = PBXBuildFile; fileRef = 78C55860737AF5C5C5D3497A /* DiagnosticsOverlayView.swift */; };
		422C6A82EF02B7264D07D847 /* ModelRecommendation.swift in Sources */ = {isa = PBXBuildFile; fileRef = 3E813CAAAA55E806ED39FEC3 /* ModelRecommendation.swift */; };
		446B086D22CF958635F557D5 /* ModelDiscoveryManager+Actions.swift in Sources */ = {isa = PBXBuildFile; fileRef = 6C43B5F577A17742E103F609 /* ModelDiscoveryManager+Actions.swift */; };
		449FA0353E7259AF2C0479D3 /* DocumentEngine+Imports.swift in Sources */ = {isa = PBXBuildFile; fileRef = 98C0304BA87571D563F70A7B /* DocumentEngine+Imports.swift */; };
		45465D655C82194DFF0FE772 /* ModelCardView.swift in Sources */ = {isa = PBXBuildFile; fileRef = 07A97A9EB2021BB6733254FF /* ModelCardView.swift */; };
		458D9252C940D8D0C837F6F9 /* ModularDocumentPickerView.swift in Sources */ = {isa = PBXBuildFile; fileRef = 5C2BCC7DF7AE3C585BAD0193 /* ModularDocumentPickerView.swift */; };
		47F4E80274FB8A608B9F3410 /* DocumentEngine+DragDrop.swift in Sources */ = {isa = PBXBuildFile; fileRef = 833FD7FDB2AB90D9A2B21DD9 /* DocumentEngine+DragDrop.swift */; };
		4859050262F15549DEF80026 /* DocumentEngine.swift in Sources */ = {isa = PBXBuildFile; fileRef = BD24CEDCE4196C229622A158 /* DocumentEngine.swift */; };
		4BACFFA50D47E20A6BD1EC88 /* ModelDownloadStateObserver.swift in Sources */ = {isa = PBXBuildFile; fileRef = 5680962DE2ED596C92C66E12 /* ModelDownloadStateObserver.swift */; };
		4BF3231D38B85134BAB32DF7 /* EnhancedAppearanceSettingsView.swift in Sources */ = {isa = PBXBuildFile; fileRef = 67BFA09BCF0D9453CBF9836A /* EnhancedAppearanceSettingsView.swift */; };
		51599DFFA00876ED0272E3A9 /* ModelHubDownloadBar.swift in Sources */ = {isa = PBXBuildFile; fileRef = DBB19332C5696C8E520F07DA /* ModelHubDownloadBar.swift */; };
		5E5ED42545952B21DBE9E10E /* ModelDiscoveryManager+Download.swift in Sources */ = {isa = PBXBuildFile; fileRef = 38C17294B9E8E276C66EB640 /* ModelDiscoveryManager+Download.swift */; };
		64A27AA3D7610CAA8892F397 /* OnboardingStepView.swift in Sources */ = {isa = PBXBuildFile; fileRef = FFF28DE8860EE32920EA6BDB /* OnboardingStepView.swift */; };
		6AD3C9B8388254439D47577D /* AppleIntelligenceManager.swift in Sources */ = {isa = PBXBuildFile; fileRef = 40C7187F511D8FA98ED8467C /* AppleIntelligenceManager.swift */; };
		6B06FF683A0912743E1506FB /* ChatOperations.swift in Sources */ = {isa = PBXBuildFile; fileRef = DB469002C8952FB22A8BDE1A /* ChatOperations.swift */; };
		72B9535B3187C02E88D37D6C /* OpenAICompatibilityServer.swift in Sources */ = {isa = PBXBuildFile; fileRef = F16C08E3E3C7650B2A0AA12D /* OpenAICompatibilityServer.swift */; };
		739CDD691328623D0E4D0AE7 /* MCPManager.swift in Sources */ = {isa = PBXBuildFile; fileRef = FA928655DF6192213092E108 /* MCPManager.swift */; };
		7C29805052FD380F0D84C355 /* AppState.swift in Sources */ = {isa = PBXBuildFile; fileRef = D239EE7A41C0498F786A122E /* AppState.swift */; };
		7D3FDCD05428248AA25323F4 /* PocketCloudLogger in Frameworks */ = {isa = PBXBuildFile; productRef = C270D5FECE19FC76CC8474D5 /* PocketCloudLogger */; };
		83B94C5C23FA2589AF543084 /* ChatHistoryStore.swift in Sources */ = {isa = PBXBuildFile; fileRef = 4F0FC3F539448C78CC28D176 /* ChatHistoryStore.swift */; };
		84F3C85C2788A624D74F103E /* ModelDiscoveryViewModel.swift in Sources */ = {isa = PBXBuildFile; fileRef = 076C70A326BF71849CAA0C26 /* ModelDiscoveryViewModel.swift */; };
		8A5F2F08D5470387F9B9D8EA /* DocumentEngine+Storage.swift in Sources */ = {isa = PBXBuildFile; fileRef = D80C1ADA582E171D78AE71D6 /* DocumentEngine+Storage.swift */; };
		8D7CB0433216DF9329D8E4BD /* DocumentFileCard.swift in Sources */ = {isa = PBXBuildFile; fileRef = 4209F8D277B7EC0FDBF63B40 /* DocumentFileCard.swift */; };
		92A8BE865E4F31AD13CCB97E /* ModelDiscoveryManager+Verification.swift in Sources */ = {isa = PBXBuildFile; fileRef = 38E9364490ECD9F9D5D253E2 /* ModelDiscoveryManager+Verification.swift */; };
		9A68B345C75A0ED77FBC6A5A /* SettingsView.swift in Sources */ = {isa = PBXBuildFile; fileRef = CAE6031B0B1F46AF4659E419 /* SettingsView.swift */; };
		9D5E02993A7B4E1154242810 /* DocumentEngine+Processing.swift in Sources */ = {isa = PBXBuildFile; fileRef = FA257F9C4CBBD60A68647596 /* DocumentEngine+Processing.swift */; };
		9DACD359115719BFDD5845FA /* DeviceCompatibilityView.swift in Sources */ = {isa = PBXBuildFile; fileRef = C95F24C67CBC9E5267FEFAA9 /* DeviceCompatibilityView.swift */; };
		A1CFD205204AADF5465D7FA0 /* StyleManager.swift in Sources */ = {isa = PBXBuildFile; fileRef = 86D8CB3AAA3F8E9457DFB6FA /* StyleManager.swift */; };
		A4CC29B8BE4BA746C2290E96 /* ModelSetupView.swift in Sources */ = {isa = PBXBuildFile; fileRef = 67F6DA7219E9A83E7BEEE17C /* ModelSetupView.swift */; };
		B25208C62F5BB3FBBA4DF14F /* PocketCloudMLX in Frameworks */ = {isa = PBXBuildFile; productRef = 050DF4F95867D6DBDB4FF672 /* PocketCloudMLX */; };
		B5DAFCF700FB0CE420A54C17 /* ModelDiscoveryView.swift in Sources */ = {isa = PBXBuildFile; fileRef = 1AAA931E101236B5F8E502DD /* ModelDiscoveryView.swift */; };
		B8B552FD379C86248390ECC2 /* AccessibilityManager.swift in Sources */ = {isa = PBXBuildFile; fileRef = 7EBF9B0176E65F24B44F4ABE /* AccessibilityManager.swift */; };
		B9D25FC73C98C0D248BB2A43 /* LoRAAdapterManager.swift in Sources */ = {isa = PBXBuildFile; fileRef = 9BF0265D7119DA869D2694F0 /* LoRAAdapterManager.swift */; };
		C1E19AECF9E2074923FC4016 /* ContentView.swift in Sources */ = {isa = PBXBuildFile; fileRef = 70BF0E8B3F74D1DF3AA6D8A7 /* ContentView.swift */; };
		C71F17BFF4717B16B7E447E5 /* ChatViewModel.swift in Sources */ = {isa = PBXBuildFile; fileRef = 2B01DD1976596029DCFC36AA /* ChatViewModel.swift */; };
		C9DB9DF1714EAA952B648248 /* ModelManager.swift in Sources */ = {isa = PBXBuildFile; fileRef = D16689842912637715494233 /* ModelManager.swift */; };
		CC1004BF05CFA2A567FC1A2F /* HuggingFaceModelDetailView.swift in Sources */ = {isa = PBXBuildFile; fileRef = DC2EFEB1F0265442EA117771 /* HuggingFaceModelDetailView.swift */; };
		D20727550B6BB55C2C800346 /* MessageBubble.swift in Sources */ = {isa = PBXBuildFile; fileRef = CA063AD0C2C2E53B8A1B7AAB /* MessageBubble.swift */; };
		DEF951667A24A8EBA41D673E /* ChatView.swift in Sources */ = {isa = PBXBuildFile; fileRef = ADD9915EC7BB9F014EE0292A /* ChatView.swift */; };
		DF28F3AB995233F8CF2F8796 /* MCPTools.swift in Sources */ = {isa = PBXBuildFile; fileRef = FF05DBCBFE14CA11B4E9E644 /* MCPTools.swift */; };
		E3BEB747DE196E856ED9EB1D /* PocketChatApp.swift in Sources */ = {isa = PBXBuildFile; fileRef = AC80293E6A74DFD2A19266F5 /* PocketChatApp.swift */; };
		E623C161D143B9AF03EB3290 /* ModelDiscoveryDebugView.swift in Sources */ = {isa = PBXBuildFile; fileRef = 0BC0C97E0FD499773920946D /* ModelDiscoveryDebugView.swift */; };
		F0D7C64DEB0DE1DA4AB0C3F8 /* ChatEngine.swift in Sources */ = {isa = PBXBuildFile; fileRef = 9F1DE56380B223315AE3596A /* ChatEngine.swift */; };
		FF62838BB01FB7BB3B13E6CB /* DocumentProcessor.swift in Sources */ = {isa = PBXBuildFile; fileRef = 6A4119EDE68BCD466633A733 /* DocumentProcessor.swift */; };
/* End PBXBuildFile section */

/* Begin PBXFileReference section */
		022C06745F86404109E376BB /* pocket-cloud-ui */ = {isa = PBXFileReference; lastKnownFileType = folder; name = "pocket-cloud-ui"; path = "../../pocket-cloud-ui"; sourceTree = SOURCE_ROOT; };
		076C70A326BF71849CAA0C26 /* ModelDiscoveryViewModel.swift */ = {isa = PBXFileReference; lastKnownFileType = sourcecode.swift; path = ModelDiscoveryViewModel.swift; sourceTree = "<group>"; };
		07A97A9EB2021BB6733254FF /* ModelCardView.swift */ = {isa = PBXFileReference; lastKnownFileType = sourcecode.swift; path = ModelCardView.swift; sourceTree = "<group>"; };
		0842EE8A6A915E984AACC58F /* HuggingFaceTokenView.swift */ = {isa = PBXFileReference; lastKnownFileType = sourcecode.swift; path = HuggingFaceTokenView.swift; sourceTree = "<group>"; };
		0BC0C97E0FD499773920946D /* ModelDiscoveryDebugView.swift */ = {isa = PBXFileReference; lastKnownFileType = sourcecode.swift; path = ModelDiscoveryDebugView.swift; sourceTree = "<group>"; };
		1AAA931E101236B5F8E502DD /* ModelDiscoveryView.swift */ = {isa = PBXFileReference; lastKnownFileType = sourcecode.swift; path = ModelDiscoveryView.swift; sourceTree = "<group>"; };
		2B01DD1976596029DCFC36AA /* ChatViewModel.swift */ = {isa = PBXFileReference; lastKnownFileType = sourcecode.swift; path = ChatViewModel.swift; sourceTree = "<group>"; };
		30000DA09679885E527353AB /* pocket-cloud-logger */ = {isa = PBXFileReference; lastKnownFileType = folder; name = "pocket-cloud-logger"; path = "../../pocket-cloud-logger"; sourceTree = SOURCE_ROOT; };
		38C17294B9E8E276C66EB640 /* ModelDiscoveryManager+Download.swift */ = {isa = PBXFileReference; lastKnownFileType = sourcecode.swift; path = "ModelDiscoveryManager+Download.swift"; sourceTree = "<group>"; };
		38E9364490ECD9F9D5D253E2 /* ModelDiscoveryManager+Verification.swift */ = {isa = PBXFileReference; lastKnownFileType = sourcecode.swift; path = "ModelDiscoveryManager+Verification.swift"; sourceTree = "<group>"; };
		3E813CAAAA55E806ED39FEC3 /* ModelRecommendation.swift */ = {isa = PBXFileReference; lastKnownFileType = sourcecode.swift; path = ModelRecommendation.swift; sourceTree = "<group>"; };
		40C7187F511D8FA98ED8467C /* AppleIntelligenceManager.swift */ = {isa = PBXFileReference; lastKnownFileType = sourcecode.swift; path = AppleIntelligenceManager.swift; sourceTree = "<group>"; };
		4209F8D277B7EC0FDBF63B40 /* DocumentFileCard.swift */ = {isa = PBXFileReference; lastKnownFileType = sourcecode.swift; path = DocumentFileCard.swift; sourceTree = "<group>"; };
		496F02F5EA7D101390EE65F4 /* pocket-cloud-mlx */ = {isa = PBXFileReference; lastKnownFileType = folder; name = "pocket-cloud-mlx"; path = ..; sourceTree = SOURCE_ROOT; };
		4F0FC3F539448C78CC28D176 /* ChatHistoryStore.swift */ = {isa = PBXFileReference; lastKnownFileType = sourcecode.swift; path = ChatHistoryStore.swift; sourceTree = "<group>"; };
		541E9C712C4F961D1A7380A9 /* ModelDiscoveryManager.swift */ = {isa = PBXFileReference; lastKnownFileType = sourcecode.swift; path = ModelDiscoveryManager.swift; sourceTree = "<group>"; };
		5680962DE2ED596C92C66E12 /* ModelDownloadStateObserver.swift */ = {isa = PBXFileReference; lastKnownFileType = sourcecode.swift; path = ModelDownloadStateObserver.swift; sourceTree = "<group>"; };
		5C2BCC7DF7AE3C585BAD0193 /* ModularDocumentPickerView.swift */ = {isa = PBXFileReference; lastKnownFileType = sourcecode.swift; path = ModularDocumentPickerView.swift; sourceTree = "<group>"; };
		6110F5A32C1A9A4AD0DB620A /* .keep */ = {isa = PBXFileReference; path = .keep; sourceTree = "<group>"; };
		626F5752D37936FC12B8A49C /* Assets.xcassets */ = {isa = PBXFileReference; lastKnownFileType = folder.assetcatalog; path = Assets.xcassets; sourceTree = "<group>"; };
		67BFA09BCF0D9453CBF9836A /* EnhancedAppearanceSettingsView.swift */ = {isa = PBXFileReference; lastKnownFileType = sourcecode.swift; path = EnhancedAppearanceSettingsView.swift; sourceTree = "<group>"; };
		67F6DA7219E9A83E7BEEE17C /* ModelSetupView.swift */ = {isa = PBXFileReference; lastKnownFileType = sourcecode.swift; path = ModelSetupView.swift; sourceTree = "<group>"; };
		6A4119EDE68BCD466633A733 /* DocumentProcessor.swift */ = {isa = PBXFileReference; lastKnownFileType = sourcecode.swift; path = DocumentProcessor.swift; sourceTree = "<group>"; };
		6C43B5F577A17742E103F609 /* ModelDiscoveryManager+Actions.swift */ = {isa = PBXFileReference; lastKnownFileType = sourcecode.swift; path = "ModelDiscoveryManager+Actions.swift"; sourceTree = "<group>"; };
		70BF0E8B3F74D1DF3AA6D8A7 /* ContentView.swift */ = {isa = PBXFileReference; lastKnownFileType = sourcecode.swift; path = ContentView.swift; sourceTree = "<group>"; };
		769584A3B6D6217BACB7238F /* pocket-cloud-common */ = {isa = PBXFileReference; lastKnownFileType = folder; name = "pocket-cloud-common"; path = "../../pocket-cloud-common"; sourceTree = SOURCE_ROOT; };
		78C55860737AF5C5C5D3497A /* DiagnosticsOverlayView.swift */ = {isa = PBXFileReference; lastKnownFileType = sourcecode.swift; path = DiagnosticsOverlayView.swift; sourceTree = "<group>"; };
		7EBF9B0176E65F24B44F4ABE /* AccessibilityManager.swift */ = {isa = PBXFileReference; lastKnownFileType = sourcecode.swift; path = AccessibilityManager.swift; sourceTree = "<group>"; };
		833FD7FDB2AB90D9A2B21DD9 /* DocumentEngine+DragDrop.swift */ = {isa = PBXFileReference; lastKnownFileType = sourcecode.swift; path = "DocumentEngine+DragDrop.swift"; sourceTree = "<group>"; };
		86D8CB3AAA3F8E9457DFB6FA /* StyleManager.swift */ = {isa = PBXFileReference; lastKnownFileType = sourcecode.swift; path = StyleManager.swift; sourceTree = "<group>"; };
		8E8D87F5DDC71495520B6941 /* PocketChat-Universal.app */ = {isa = PBXFileReference; includeInIndex = 0; lastKnownFileType = wrapper.application; path = "PocketChat-Universal.app"; sourceTree = BUILT_PRODUCTS_DIR; };
		940FCFEB7301C6EC4774B0F3 /* MacAppIcon.icns */ = {isa = PBXFileReference; lastKnownFileType = image.icns; path = MacAppIcon.icns; sourceTree = "<group>"; };
		94D62FB21F7CB9A1E3EB4A58 /* AutonomousProblemSolver.swift */ = {isa = PBXFileReference; lastKnownFileType = sourcecode.swift; path = AutonomousProblemSolver.swift; sourceTree = "<group>"; };
		98C0304BA87571D563F70A7B /* DocumentEngine+Imports.swift */ = {isa = PBXFileReference; lastKnownFileType = sourcecode.swift; path = "DocumentEngine+Imports.swift"; sourceTree = "<group>"; };
		9BF0265D7119DA869D2694F0 /* LoRAAdapterManager.swift */ = {isa = PBXFileReference; lastKnownFileType = sourcecode.swift; path = LoRAAdapterManager.swift; sourceTree = "<group>"; };
		9C1DBE390B4F07C5671009B6 /* OnboardingView.swift */ = {isa = PBXFileReference; lastKnownFileType = sourcecode.swift; path = OnboardingView.swift; sourceTree = "<group>"; };
		9F1DE56380B223315AE3596A /* ChatEngine.swift */ = {isa = PBXFileReference; lastKnownFileType = sourcecode.swift; path = ChatEngine.swift; sourceTree = "<group>"; };
		A2EAA64707D542844B6A3C44 /* EnhancedMLXFeatures.swift */ = {isa = PBXFileReference; lastKnownFileType = sourcecode.swift; path = EnhancedMLXFeatures.swift; sourceTree = "<group>"; };
		AC80293E6A74DFD2A19266F5 /* PocketChatApp.swift */ = {isa = PBXFileReference; lastKnownFileType = sourcecode.swift; path = PocketChatApp.swift; sourceTree = "<group>"; };
		ADD9915EC7BB9F014EE0292A /* ChatView.swift */ = {isa = PBXFileReference; lastKnownFileType = sourcecode.swift; path = ChatView.swift; sourceTree = "<group>"; };
		B0DC023A645E9BD4BCE66325 /* Info.plist */ = {isa = PBXFileReference; lastKnownFileType = text.plist; path = Info.plist; sourceTree = "<group>"; };
		BD24CEDCE4196C229622A158 /* DocumentEngine.swift */ = {isa = PBXFileReference; lastKnownFileType = sourcecode.swift; path = DocumentEngine.swift; sourceTree = "<group>"; };
		BF2AFE1C2ECD9C3F180FD313 /* DocumentDragDropZone.swift */ = {isa = PBXFileReference; lastKnownFileType = sourcecode.swift; path = DocumentDragDropZone.swift; sourceTree = "<group>"; };
		C95F24C67CBC9E5267FEFAA9 /* DeviceCompatibilityView.swift */ = {isa = PBXFileReference; lastKnownFileType = sourcecode.swift; path = DeviceCompatibilityView.swift; sourceTree = "<group>"; };
		CA063AD0C2C2E53B8A1B7AAB /* MessageBubble.swift */ = {isa = PBXFileReference; lastKnownFileType = sourcecode.swift; path = MessageBubble.swift; sourceTree = "<group>"; };
		CAE6031B0B1F46AF4659E419 /* SettingsView.swift */ = {isa = PBXFileReference; lastKnownFileType = sourcecode.swift; path = SettingsView.swift; sourceTree = "<group>"; };
		D16689842912637715494233 /* ModelManager.swift */ = {isa = PBXFileReference; lastKnownFileType = sourcecode.swift; path = ModelManager.swift; sourceTree = "<group>"; };
		D239EE7A41C0498F786A122E /* AppState.swift */ = {isa = PBXFileReference; lastKnownFileType = sourcecode.swift; path = AppState.swift; sourceTree = "<group>"; };
		D80C1ADA582E171D78AE71D6 /* DocumentEngine+Storage.swift */ = {isa = PBXFileReference; lastKnownFileType = sourcecode.swift; path = "DocumentEngine+Storage.swift"; sourceTree = "<group>"; };
		DB469002C8952FB22A8BDE1A /* ChatOperations.swift */ = {isa = PBXFileReference; lastKnownFileType = sourcecode.swift; path = ChatOperations.swift; sourceTree = "<group>"; };
		DBB19332C5696C8E520F07DA /* ModelHubDownloadBar.swift */ = {isa = PBXFileReference; lastKnownFileType = sourcecode.swift; path = ModelHubDownloadBar.swift; sourceTree = "<group>"; };
		DC2EFEB1F0265442EA117771 /* HuggingFaceModelDetailView.swift */ = {isa = PBXFileReference; lastKnownFileType = sourcecode.swift; path = HuggingFaceModelDetailView.swift; sourceTree = "<group>"; };
		F16C08E3E3C7650B2A0AA12D /* OpenAICompatibilityServer.swift */ = {isa = PBXFileReference; lastKnownFileType = sourcecode.swift; path = OpenAICompatibilityServer.swift; sourceTree = "<group>"; };
		FA257F9C4CBBD60A68647596 /* DocumentEngine+Processing.swift */ = {isa = PBXFileReference; lastKnownFileType = sourcecode.swift; path = "DocumentEngine+Processing.swift"; sourceTree = "<group>"; };
		FA928655DF6192213092E108 /* MCPManager.swift */ = {isa = PBXFileReference; lastKnownFileType = sourcecode.swift; path = MCPManager.swift; sourceTree = "<group>"; };
		FF05DBCBFE14CA11B4E9E644 /* MCPTools.swift */ = {isa = PBXFileReference; lastKnownFileType = sourcecode.swift; path = MCPTools.swift; sourceTree = "<group>"; };
		FFF28DE8860EE32920EA6BDB /* OnboardingStepView.swift */ = {isa = PBXFileReference; lastKnownFileType = sourcecode.swift; path = OnboardingStepView.swift; sourceTree = "<group>"; };
/* End PBXFileReference section */

/* Begin PBXFrameworksBuildPhase section */
		0B8C02C7F07D3B60EADCAFD4 /* Frameworks */ = {
			isa = PBXFrameworksBuildPhase;
			buildActionMask = 2147483647;
			files = (
				B25208C62F5BB3FBBA4DF14F /* PocketCloudMLX in Frameworks */,
				24A901B3FBAE9FCDAC6B4349 /* PocketCloudUI in Frameworks */,
				7D3FDCD05428248AA25323F4 /* PocketCloudLogger in Frameworks */,
				306AA32895A9F2F96660767D /* PocketCloudCommon in Frameworks */,
			);
			runOnlyForDeploymentPostprocessing = 0;
		};
/* End PBXFrameworksBuildPhase section */

/* Begin PBXGroup section */
		030E3C8C7773756801DCB85D /* PocketChat */ = {
			isa = PBXGroup;
			children = (
				D239EE7A41C0498F786A122E /* AppState.swift */,
				626F5752D37936FC12B8A49C /* Assets.xcassets */,
				70BF0E8B3F74D1DF3AA6D8A7 /* ContentView.swift */,
				940FCFEB7301C6EC4774B0F3 /* MacAppIcon.icns */,
				AC80293E6A74DFD2A19266F5 /* PocketChatApp.swift */,
				6628ECEA01169CC48F95DEA8 /* Features */,
			);
			name = PocketChat;
			path = Sources/PocketChat;
			sourceTree = "<group>";
		};
		249300AED7E353919711ABAF /* Onboarding */ = {
			isa = PBXGroup;
			children = (
				C95F24C67CBC9E5267FEFAA9 /* DeviceCompatibilityView.swift */,
				3E813CAAAA55E806ED39FEC3 /* ModelRecommendation.swift */,
				67F6DA7219E9A83E7BEEE17C /* ModelSetupView.swift */,
				FFF28DE8860EE32920EA6BDB /* OnboardingStepView.swift */,
				9C1DBE390B4F07C5671009B6 /* OnboardingView.swift */,
			);
			path = Onboarding;
			sourceTree = "<group>";
		};
		2574DB8EA28FE3E5FA993ECE /* Products */ = {
			isa = PBXGroup;
			children = (
				8E8D87F5DDC71495520B6941 /* PocketChat-Universal.app */,
			);
			name = Products;
			sourceTree = "<group>";
		};
		42410D0B37FD2F8A17BB7A76 /* Accessibility */ = {
			isa = PBXGroup;
			children = (
				7EBF9B0176E65F24B44F4ABE /* AccessibilityManager.swift */,
			);
			path = Accessibility;
			sourceTree = "<group>";
		};
		5584E1B00D99617C6B32FD70 /* Packages */ = {
			isa = PBXGroup;
			children = (
				769584A3B6D6217BACB7238F /* pocket-cloud-common */,
				30000DA09679885E527353AB /* pocket-cloud-logger */,
				496F02F5EA7D101390EE65F4 /* pocket-cloud-mlx */,
				022C06745F86404109E376BB /* pocket-cloud-ui */,
			);
			name = Packages;
			sourceTree = "<group>";
		};
		58C22633BB333F04A68AC23E /* Chat */ = {
			isa = PBXGroup;
			children = (
				ADD9915EC7BB9F014EE0292A /* ChatView.swift */,
				2B01DD1976596029DCFC36AA /* ChatViewModel.swift */,
				CA063AD0C2C2E53B8A1B7AAB /* MessageBubble.swift */,
				FF5DDC1662987771DF8BE005 /* Components */,
				A28D5D204C973FAF90FE992A /* Core */,
			);
			path = Chat;
			sourceTree = "<group>";
		};
		64CA842D9F81FBF80363AA4D /* Diagnostics */ = {
			isa = PBXGroup;
			children = (
				78C55860737AF5C5C5D3497A /* DiagnosticsOverlayView.swift */,
			);
			path = Diagnostics;
			sourceTree = "<group>";
		};
		6628ECEA01169CC48F95DEA8 /* Features */ = {
			isa = PBXGroup;
			children = (
				40C7187F511D8FA98ED8467C /* AppleIntelligenceManager.swift */,
				94D62FB21F7CB9A1E3EB4A58 /* AutonomousProblemSolver.swift */,
				A2EAA64707D542844B6A3C44 /* EnhancedMLXFeatures.swift */,
				FA928655DF6192213092E108 /* MCPManager.swift */,
				FF05DBCBFE14CA11B4E9E644 /* MCPTools.swift */,
				F16C08E3E3C7650B2A0AA12D /* OpenAICompatibilityServer.swift */,
				86D8CB3AAA3F8E9457DFB6FA /* StyleManager.swift */,
				42410D0B37FD2F8A17BB7A76 /* Accessibility */,
				58C22633BB333F04A68AC23E /* Chat */,
				64CA842D9F81FBF80363AA4D /* Diagnostics */,
				8259324B45EB176958441CF1 /* Documents */,
				FBE61DED82429987C920DBB7 /* ModelHub */,
				249300AED7E353919711ABAF /* Onboarding */,
				C68DB5C7AF48874D2855B4A7 /* Settings */,
			);
			path = Features;
			sourceTree = "<group>";
		};
		72D7208FADBA19C040622464 /* Shared */ = {
			isa = PBXGroup;
			children = (
				6110F5A32C1A9A4AD0DB620A /* .keep */,
			);
			name = Shared;
			path = Sources/Shared;
			sourceTree = "<group>";
		};
		80B2B118B08B2FFBDBE06C86 = {
			isa = PBXGroup;
			children = (
				B425C0FD33F5E6D14793C5AA /* iOS */,
				5584E1B00D99617C6B32FD70 /* Packages */,
				030E3C8C7773756801DCB85D /* PocketChat */,
				72D7208FADBA19C040622464 /* Shared */,
				2574DB8EA28FE3E5FA993ECE /* Products */,
			);
			sourceTree = "<group>";
		};
		8259324B45EB176958441CF1 /* Documents */ = {
			isa = PBXGroup;
			children = (
				5C2BCC7DF7AE3C585BAD0193 /* ModularDocumentPickerView.swift */,
				C84073415262D5226F07DD1C /* Components */,
				96A292E7DC54CAEFF19FA8A8 /* Core */,
			);
			path = Documents;
			sourceTree = "<group>";
		};
		96A292E7DC54CAEFF19FA8A8 /* Core */ = {
			isa = PBXGroup;
			children = (
				BD24CEDCE4196C229622A158 /* DocumentEngine.swift */,
				833FD7FDB2AB90D9A2B21DD9 /* DocumentEngine+DragDrop.swift */,
				98C0304BA87571D563F70A7B /* DocumentEngine+Imports.swift */,
				FA257F9C4CBBD60A68647596 /* DocumentEngine+Processing.swift */,
				D80C1ADA582E171D78AE71D6 /* DocumentEngine+Storage.swift */,
			);
			path = Core;
			sourceTree = "<group>";
		};
		A28D5D204C973FAF90FE992A /* Core */ = {
			isa = PBXGroup;
			children = (
				9F1DE56380B223315AE3596A /* ChatEngine.swift */,
			);
			path = Core;
			sourceTree = "<group>";
		};
		B425C0FD33F5E6D14793C5AA /* iOS */ = {
			isa = PBXGroup;
			children = (
				B0DC023A645E9BD4BCE66325 /* Info.plist */,
			);
			name = iOS;
			path = Sources/iOS;
			sourceTree = "<group>";
		};
		C68DB5C7AF48874D2855B4A7 /* Settings */ = {
			isa = PBXGroup;
			children = (
				67BFA09BCF0D9453CBF9836A /* EnhancedAppearanceSettingsView.swift */,
				CAE6031B0B1F46AF4659E419 /* SettingsView.swift */,
			);
			path = Settings;
			sourceTree = "<group>";
		};
		C84073415262D5226F07DD1C /* Components */ = {
			isa = PBXGroup;
			children = (
				BF2AFE1C2ECD9C3F180FD313 /* DocumentDragDropZone.swift */,
				4209F8D277B7EC0FDBF63B40 /* DocumentFileCard.swift */,
			);
			path = Components;
			sourceTree = "<group>";
		};
		FBE61DED82429987C920DBB7 /* ModelHub */ = {
			isa = PBXGroup;
			children = (
				DC2EFEB1F0265442EA117771 /* HuggingFaceModelDetailView.swift */,
				0842EE8A6A915E984AACC58F /* HuggingFaceTokenView.swift */,
				9BF0265D7119DA869D2694F0 /* LoRAAdapterManager.swift */,
				07A97A9EB2021BB6733254FF /* ModelCardView.swift */,
				0BC0C97E0FD499773920946D /* ModelDiscoveryDebugView.swift */,
				541E9C712C4F961D1A7380A9 /* ModelDiscoveryManager.swift */,
				6C43B5F577A17742E103F609 /* ModelDiscoveryManager+Actions.swift */,
				38C17294B9E8E276C66EB640 /* ModelDiscoveryManager+Download.swift */,
				38E9364490ECD9F9D5D253E2 /* ModelDiscoveryManager+Verification.swift */,
				1AAA931E101236B5F8E502DD /* ModelDiscoveryView.swift */,
				076C70A326BF71849CAA0C26 /* ModelDiscoveryViewModel.swift */,
				5680962DE2ED596C92C66E12 /* ModelDownloadStateObserver.swift */,
				DBB19332C5696C8E520F07DA /* ModelHubDownloadBar.swift */,
			);
			path = ModelHub;
			sourceTree = "<group>";
		};
		FF5DDC1662987771DF8BE005 /* Components */ = {
			isa = PBXGroup;
			children = (
				4F0FC3F539448C78CC28D176 /* ChatHistoryStore.swift */,
				DB469002C8952FB22A8BDE1A /* ChatOperations.swift */,
				6A4119EDE68BCD466633A733 /* DocumentProcessor.swift */,
				D16689842912637715494233 /* ModelManager.swift */,
			);
			path = Components;
			sourceTree = "<group>";
		};
/* End PBXGroup section */

/* Begin PBXNativeTarget section */
		50F2804D4B989751E244257E /* PocketChat-Universal */ = {
			isa = PBXNativeTarget;
			buildConfigurationList = EE6AC8F0BEE99B107047A54A /* Build configuration list for PBXNativeTarget "PocketChat-Universal" */;
			buildPhases = (
				D496DB9639548723907D3EB2 /* Sources */,
				44C8E97C38D379616A0F20CC /* Resources */,
				0B8C02C7F07D3B60EADCAFD4 /* Frameworks */,
			);
			buildRules = (
			);
			dependencies = (
			);
			name = "PocketChat-Universal";
			packageProductDependencies = (
				050DF4F95867D6DBDB4FF672 /* PocketCloudMLX */,
				777B736E730B95184E96B5E4 /* PocketCloudUI */,
				C270D5FECE19FC76CC8474D5 /* PocketCloudLogger */,
				35EF815D3328BA9811119DFC /* PocketCloudCommon */,
			);
			productName = "PocketChat-Universal";
			productReference = 8E8D87F5DDC71495520B6941 /* PocketChat-Universal.app */;
			productType = "com.apple.product-type.application";
		};
/* End PBXNativeTarget section */

/* Begin PBXProject section */
		E9A139FA3097D325AAF41829 /* Project object */ = {
			isa = PBXProject;
			attributes = {
				BuildIndependentTargetsInParallel = YES;
				LastUpgradeCheck = 1430;
				TargetAttributes = {
				};
			};
			buildConfigurationList = 5C8BB6747A7327CB3B9217E7 /* Build configuration list for PBXProject "PocketChat" */;
			compatibilityVersion = "Xcode 14.0";
			developmentRegion = en;
			hasScannedForEncodings = 0;
			knownRegions = (
				Base,
				en,
			);
			mainGroup = 80B2B118B08B2FFBDBE06C86;
			minimizedProjectReferenceProxies = 1;
			packageReferences = (
				60054D7693ED993640B08574 /* XCLocalSwiftPackageReference "../../pocket-cloud-common" */,
				C8E28C37EDBD4E7CD829F172 /* XCLocalSwiftPackageReference "../../pocket-cloud-logger" */,
				EF35E693C7BAE6DFC1E920AF /* XCLocalSwiftPackageReference ".." */,
				525B105F6E6DEEF75A8B91C9 /* XCLocalSwiftPackageReference "../../pocket-cloud-ui" */,
			);
			preferredProjectObjectVersion = 54;
			projectDirPath = "";
			projectRoot = "";
			targets = (
				50F2804D4B989751E244257E /* PocketChat-Universal */,
			);
		};
/* End PBXProject section */

/* Begin PBXResourcesBuildPhase section */
		44C8E97C38D379616A0F20CC /* Resources */ = {
			isa = PBXResourcesBuildPhase;
			buildActionMask = 2147483647;
			files = (
				2078F8730D84773E97F2B2DB /* Assets.xcassets in Resources */,
				2A0A9FE1D5DD80BEAA58DC67 /* MacAppIcon.icns in Resources */,
			);
			runOnlyForDeploymentPostprocessing = 0;
		};
/* End PBXResourcesBuildPhase section */

/* Begin PBXSourcesBuildPhase section */
		D496DB9639548723907D3EB2 /* Sources */ = {
			isa = PBXSourcesBuildPhase;
			buildActionMask = 2147483647;
			files = (
				B8B552FD379C86248390ECC2 /* AccessibilityManager.swift in Sources */,
				7C29805052FD380F0D84C355 /* AppState.swift in Sources */,
				6AD3C9B8388254439D47577D /* AppleIntelligenceManager.swift in Sources */,
				19788222C55CE81C49F4BBE9 /* AutonomousProblemSolver.swift in Sources */,
				F0D7C64DEB0DE1DA4AB0C3F8 /* ChatEngine.swift in Sources */,
				83B94C5C23FA2589AF543084 /* ChatHistoryStore.swift in Sources */,
				6B06FF683A0912743E1506FB /* ChatOperations.swift in Sources */,
				DEF951667A24A8EBA41D673E /* ChatView.swift in Sources */,
				C71F17BFF4717B16B7E447E5 /* ChatViewModel.swift in Sources */,
				C1E19AECF9E2074923FC4016 /* ContentView.swift in Sources */,
				9DACD359115719BFDD5845FA /* DeviceCompatibilityView.swift in Sources */,
				3211A68187625925049B6B7E /* DiagnosticsOverlayView.swift in Sources */,
				288E6363FD9F183A3D94688F /* DocumentDragDropZone.swift in Sources */,
				47F4E80274FB8A608B9F3410 /* DocumentEngine+DragDrop.swift in Sources */,
				449FA0353E7259AF2C0479D3 /* DocumentEngine+Imports.swift in Sources */,
				9D5E02993A7B4E1154242810 /* DocumentEngine+Processing.swift in Sources */,
				8A5F2F08D5470387F9B9D8EA /* DocumentEngine+Storage.swift in Sources */,
				4859050262F15549DEF80026 /* DocumentEngine.swift in Sources */,
				8D7CB0433216DF9329D8E4BD /* DocumentFileCard.swift in Sources */,
				FF62838BB01FB7BB3B13E6CB /* DocumentProcessor.swift in Sources */,
				4BF3231D38B85134BAB32DF7 /* EnhancedAppearanceSettingsView.swift in Sources */,
				24FDE6A435BAC0F6A7A36020 /* EnhancedMLXFeatures.swift in Sources */,
				CC1004BF05CFA2A567FC1A2F /* HuggingFaceModelDetailView.swift in Sources */,
				093ED2987B3220531801B862 /* HuggingFaceTokenView.swift in Sources */,
				B9D25FC73C98C0D248BB2A43 /* LoRAAdapterManager.swift in Sources */,
				739CDD691328623D0E4D0AE7 /* MCPManager.swift in Sources */,
				DF28F3AB995233F8CF2F8796 /* MCPTools.swift in Sources */,
				D20727550B6BB55C2C800346 /* MessageBubble.swift in Sources */,
				45465D655C82194DFF0FE772 /* ModelCardView.swift in Sources */,
				E623C161D143B9AF03EB3290 /* ModelDiscoveryDebugView.swift in Sources */,
				446B086D22CF958635F557D5 /* ModelDiscoveryManager+Actions.swift in Sources */,
				5E5ED42545952B21DBE9E10E /* ModelDiscoveryManager+Download.swift in Sources */,
				92A8BE865E4F31AD13CCB97E /* ModelDiscoveryManager+Verification.swift in Sources */,
				1270C8F14CE5D4E0661AD356 /* ModelDiscoveryManager.swift in Sources */,
				B5DAFCF700FB0CE420A54C17 /* ModelDiscoveryView.swift in Sources */,
				84F3C85C2788A624D74F103E /* ModelDiscoveryViewModel.swift in Sources */,
				4BACFFA50D47E20A6BD1EC88 /* ModelDownloadStateObserver.swift in Sources */,
				51599DFFA00876ED0272E3A9 /* ModelHubDownloadBar.swift in Sources */,
				C9DB9DF1714EAA952B648248 /* ModelManager.swift in Sources */,
				422C6A82EF02B7264D07D847 /* ModelRecommendation.swift in Sources */,
				A4CC29B8BE4BA746C2290E96 /* ModelSetupView.swift in Sources */,
				458D9252C940D8D0C837F6F9 /* ModularDocumentPickerView.swift in Sources */,
				64A27AA3D7610CAA8892F397 /* OnboardingStepView.swift in Sources */,
				0832234007DD7F8A35473822 /* OnboardingView.swift in Sources */,
				72B9535B3187C02E88D37D6C /* OpenAICompatibilityServer.swift in Sources */,
				E3BEB747DE196E856ED9EB1D /* PocketChatApp.swift in Sources */,
				9A68B345C75A0ED77FBC6A5A /* SettingsView.swift in Sources */,
				A1CFD205204AADF5465D7FA0 /* StyleManager.swift in Sources */,
			);
			runOnlyForDeploymentPostprocessing = 0;
		};
/* End PBXSourcesBuildPhase section */

/* Begin XCBuildConfiguration section */
		143AF993B34AA34375BDDF68 /* Release */ = {
			isa = XCBuildConfiguration;
			buildSettings = {
				ALWAYS_SEARCH_USER_PATHS = NO;
				CLANG_ANALYZER_NONNULL = YES;
				CLANG_ANALYZER_NUMBER_OBJECT_CONVERSION = YES_AGGRESSIVE;
				CLANG_CXX_LANGUAGE_STANDARD = "gnu++14";
				CLANG_CXX_LIBRARY = "libc++";
				CLANG_ENABLE_MODULES = YES;
				CLANG_ENABLE_OBJC_ARC = YES;
				CLANG_ENABLE_OBJC_WEAK = YES;
				CLANG_WARN_BLOCK_CAPTURE_AUTORELEASING = YES;
				CLANG_WARN_BOOL_CONVERSION = YES;
				CLANG_WARN_COMMA = YES;
				CLANG_WARN_CONSTANT_CONVERSION = YES;
				CLANG_WARN_DEPRECATED_OBJC_IMPLEMENTATIONS = YES;
				CLANG_WARN_DIRECT_OBJC_ISA_USAGE = YES_ERROR;
				CLANG_WARN_DOCUMENTATION_COMMENTS = YES;
				CLANG_WARN_EMPTY_BODY = YES;
				CLANG_WARN_ENUM_CONVERSION = YES;
				CLANG_WARN_INFINITE_RECURSION = YES;
				CLANG_WARN_INT_CONVERSION = YES;
				CLANG_WARN_NON_LITERAL_NULL_CONVERSION = YES;
				CLANG_WARN_OBJC_IMPLICIT_RETAIN_SELF = YES;
				CLANG_WARN_OBJC_LITERAL_CONVERSION = YES;
				CLANG_WARN_OBJC_ROOT_CLASS = YES_ERROR;
				CLANG_WARN_QUOTED_INCLUDE_IN_FRAMEWORK_HEADER = YES;
				CLANG_WARN_RANGE_LOOP_ANALYSIS = YES;
				CLANG_WARN_STRICT_PROTOTYPES = YES;
				CLANG_WARN_SUSPICIOUS_MOVE = YES;
				CLANG_WARN_UNGUARDED_AVAILABILITY = YES_AGGRESSIVE;
				CLANG_WARN_UNREACHABLE_CODE = YES;
				CLANG_WARN__DUPLICATE_METHOD_MATCH = YES;
				COPY_PHASE_STRIP = NO;
				DEBUG_INFORMATION_FORMAT = "dwarf-with-dsym";
				ENABLE_NS_ASSERTIONS = NO;
				ENABLE_STRICT_OBJC_MSGSEND = YES;
				GCC_C_LANGUAGE_STANDARD = gnu11;
				GCC_NO_COMMON_BLOCKS = YES;
				GCC_WARN_64_TO_32_BIT_CONVERSION = YES;
				GCC_WARN_ABOUT_RETURN_TYPE = YES_ERROR;
				GCC_WARN_UNDECLARED_SELECTOR = YES;
				GCC_WARN_UNINITIALIZED_AUTOS = YES_AGGRESSIVE;
				GCC_WARN_UNUSED_FUNCTION = YES;
				GCC_WARN_UNUSED_VARIABLE = YES;
				IPHONEOS_DEPLOYMENT_TARGET = 18.0;
				MACOSX_DEPLOYMENT_TARGET = 15.0;
				MTL_ENABLE_DEBUG_INFO = NO;
				MTL_FAST_MATH = YES;
				PRODUCT_NAME = "$(TARGET_NAME)";
				SDKROOT = iphoneos;
				SWIFT_COMPILATION_MODE = wholemodule;
				SWIFT_OPTIMIZATION_LEVEL = "-O";
				SWIFT_VERSION = 5.0;
				XROS_DEPLOYMENT_TARGET = 2.0;
			};
			name = Release;
		};
		54A3BA17E85BAF18E9FCCA56 /* Release */ = {
			isa = XCBuildConfiguration;
			buildSettings = {
				ASSETCATALOG_COMPILER_APPICON_NAME = AppIcon;
				CODE_SIGN_IDENTITY = "iPhone Developer";
				GENERATE_INFOPLIST_FILE = NO;
				INFOPLIST_FILE = Sources/iOS/Info.plist;
				LD_RUNPATH_SEARCH_PATHS = (
					"$(inherited)",
					"@executable_path/Frameworks",
				);
				PRODUCT_BUNDLE_IDENTIFIER = com.pocketcloud.PocketChat;
				SDKROOT = iphoneos;
				TARGETED_DEVICE_FAMILY = "1,2";
			};
			name = Release;
		};
		80FB5FD2980591204375DB1B /* Debug */ = {
			isa = XCBuildConfiguration;
			buildSettings = {
				ALWAYS_SEARCH_USER_PATHS = NO;
				CLANG_ANALYZER_NONNULL = YES;
				CLANG_ANALYZER_NUMBER_OBJECT_CONVERSION = YES_AGGRESSIVE;
				CLANG_CXX_LANGUAGE_STANDARD = "gnu++14";
				CLANG_CXX_LIBRARY = "libc++";
				CLANG_ENABLE_MODULES = YES;
				CLANG_ENABLE_OBJC_ARC = YES;
				CLANG_ENABLE_OBJC_WEAK = YES;
				CLANG_WARN_BLOCK_CAPTURE_AUTORELEASING = YES;
				CLANG_WARN_BOOL_CONVERSION = YES;
				CLANG_WARN_COMMA = YES;
				CLANG_WARN_CONSTANT_CONVERSION = YES;
				CLANG_WARN_DEPRECATED_OBJC_IMPLEMENTATIONS = YES;
				CLANG_WARN_DIRECT_OBJC_ISA_USAGE = YES_ERROR;
				CLANG_WARN_DOCUMENTATION_COMMENTS = YES;
				CLANG_WARN_EMPTY_BODY = YES;
				CLANG_WARN_ENUM_CONVERSION = YES;
				CLANG_WARN_INFINITE_RECURSION = YES;
				CLANG_WARN_INT_CONVERSION = YES;
				CLANG_WARN_NON_LITERAL_NULL_CONVERSION = YES;
				CLANG_WARN_OBJC_IMPLICIT_RETAIN_SELF = YES;
				CLANG_WARN_OBJC_LITERAL_CONVERSION = YES;
				CLANG_WARN_OBJC_ROOT_CLASS = YES_ERROR;
				CLANG_WARN_QUOTED_INCLUDE_IN_FRAMEWORK_HEADER = YES;
				CLANG_WARN_RANGE_LOOP_ANALYSIS = YES;
				CLANG_WARN_STRICT_PROTOTYPES = YES;
				CLANG_WARN_SUSPICIOUS_MOVE = YES;
				CLANG_WARN_UNGUARDED_AVAILABILITY = YES_AGGRESSIVE;
				CLANG_WARN_UNREACHABLE_CODE = YES;
				CLANG_WARN__DUPLICATE_METHOD_MATCH = YES;
				COPY_PHASE_STRIP = NO;
				DEBUG_INFORMATION_FORMAT = dwarf;
				ENABLE_STRICT_OBJC_MSGSEND = YES;
				ENABLE_TESTABILITY = YES;
				GCC_C_LANGUAGE_STANDARD = gnu11;
				GCC_DYNAMIC_NO_PIC = NO;
				GCC_NO_COMMON_BLOCKS = YES;
				GCC_OPTIMIZATION_LEVEL = 0;
				GCC_PREPROCESSOR_DEFINITIONS = (
					"$(inherited)",
					"DEBUG=1",
				);
				GCC_WARN_64_TO_32_BIT_CONVERSION = YES;
				GCC_WARN_ABOUT_RETURN_TYPE = YES_ERROR;
				GCC_WARN_UNDECLARED_SELECTOR = YES;
				GCC_WARN_UNINITIALIZED_AUTOS = YES_AGGRESSIVE;
				GCC_WARN_UNUSED_FUNCTION = YES;
				GCC_WARN_UNUSED_VARIABLE = YES;
				IPHONEOS_DEPLOYMENT_TARGET = 18.0;
				MACOSX_DEPLOYMENT_TARGET = 15.0;
				MTL_ENABLE_DEBUG_INFO = INCLUDE_SOURCE;
				MTL_FAST_MATH = YES;
				ONLY_ACTIVE_ARCH = YES;
				PRODUCT_NAME = "$(TARGET_NAME)";
				SDKROOT = iphoneos;
				SWIFT_ACTIVE_COMPILATION_CONDITIONS = DEBUG;
				SWIFT_OPTIMIZATION_LEVEL = "-Onone";
				SWIFT_VERSION = 5.0;
				XROS_DEPLOYMENT_TARGET = 2.0;
			};
			name = Debug;
		};
		8AB9D1FCBC9B019FD304E36E /* Debug */ = {
			isa = XCBuildConfiguration;
			buildSettings = {
				ASSETCATALOG_COMPILER_APPICON_NAME = AppIcon;
				CODE_SIGN_IDENTITY = "iPhone Developer";
				GENERATE_INFOPLIST_FILE = NO;
				INFOPLIST_FILE = Sources/iOS/Info.plist;
				LD_RUNPATH_SEARCH_PATHS = (
					"$(inherited)",
					"@executable_path/Frameworks",
				);
				PRODUCT_BUNDLE_IDENTIFIER = com.pocketcloud.PocketChat;
				SDKROOT = iphoneos;
				TARGETED_DEVICE_FAMILY = "1,2";
			};
			name = Debug;
		};
/* End XCBuildConfiguration section */

/* Begin XCConfigurationList section */
		5C8BB6747A7327CB3B9217E7 /* Build configuration list for PBXProject "PocketChat" */ = {
			isa = XCConfigurationList;
			buildConfigurations = (
				80FB5FD2980591204375DB1B /* Debug */,
				143AF993B34AA34375BDDF68 /* Release */,
			);
			defaultConfigurationIsVisible = 0;
			defaultConfigurationName = Debug;
		};
		EE6AC8F0BEE99B107047A54A /* Build configuration list for PBXNativeTarget "PocketChat-Universal" */ = {
			isa = XCConfigurationList;
			buildConfigurations = (
				8AB9D1FCBC9B019FD304E36E /* Debug */,
				54A3BA17E85BAF18E9FCCA56 /* Release */,
			);
			defaultConfigurationIsVisible = 0;
			defaultConfigurationName = Debug;
		};
/* End XCConfigurationList section */

/* Begin XCLocalSwiftPackageReference section */
		525B105F6E6DEEF75A8B91C9 /* XCLocalSwiftPackageReference "../../pocket-cloud-ui" */ = {
			isa = XCLocalSwiftPackageReference;
			relativePath = "../../pocket-cloud-ui";
		};
		60054D7693ED993640B08574 /* XCLocalSwiftPackageReference "../../pocket-cloud-common" */ = {
			isa = XCLocalSwiftPackageReference;
			relativePath = "../../pocket-cloud-common";
		};
		C8E28C37EDBD4E7CD829F172 /* XCLocalSwiftPackageReference "../../pocket-cloud-logger" */ = {
			isa = XCLocalSwiftPackageReference;
			relativePath = "../../pocket-cloud-logger";
		};
		EF35E693C7BAE6DFC1E920AF /* XCLocalSwiftPackageReference ".." */ = {
			isa = XCLocalSwiftPackageReference;
			relativePath = ..;
		};
/* End XCLocalSwiftPackageReference section */

/* Begin XCSwiftPackageProductDependency section */
		050DF4F95867D6DBDB4FF672 /* PocketCloudMLX */ = {
			isa = XCSwiftPackageProductDependency;
			productName = PocketCloudMLX;
		};
		35EF815D3328BA9811119DFC /* PocketCloudCommon */ = {
			isa = XCSwiftPackageProductDependency;
			productName = PocketCloudCommon;
		};
		777B736E730B95184E96B5E4 /* PocketCloudUI */ = {
			isa = XCSwiftPackageProductDependency;
			productName = PocketCloudUI;
		};
		C270D5FECE19FC76CC8474D5 /* PocketCloudLogger */ = {
			isa = XCSwiftPackageProductDependency;
			productName = PocketCloudLogger;
		};
/* End XCSwiftPackageProductDependency section */
	};
	rootObject = E9A139FA3097D325AAF41829 /* Project object */;
}
